
Microsoft Visual Studio Solution File, Format Version 12.00
# Visual Studio Version 17
VisualStudioVersion = 17.0.32112.339
MinimumVisualStudioVersion = 10.0.40219.1
Project("{9A19103F-16F7-4668-BE54-9A1E7A4F7556}") = "MultiplyChannels", "MultiplyChannels.csproj", "{A5708C6D-C83D-4216-8C54-649E967326C1}"
EndProject
Global
	GlobalSection(SolutionConfigurationPlatforms) = preSolution
		Debug|Any CPU = Debug|Any CPU
		Release|Any CPU = Release|Any CPU
	EndGlobalSection
	GlobalSection(ProjectConfigurationPlatforms) = postSolution
		{A5708C6D-C83D-4216-8C54-649E967326C1}.Debug|Any CPU.ActiveCfg = Debug|Any CPU
		{A5708C6D-C83D-4216-8C54-649E967326C1}.Debug|Any CPU.Build.0 = Debug|Any CPU
		{A5708C6D-C83D-4216-8C54-649E967326C1}.Release|Any CPU.ActiveCfg = Release|Any CPU
		{A5708C6D-C83D-4216-8C54-649E967326C1}.Release|Any CPU.Build.0 = Release|Any CPU
	EndGlobalSection
	GlobalSection(SolutionProperties) = preSolution
		HideSolutionNode = FALSE
	EndGlobalSection
	GlobalSection(ExtensibilityGlobals) = postSolution
		SolutionGuid = {68B4DB9F-821C-4F93-9E6A-35F36CE8C623}
	EndGlobalSection
EndGlobal
